
Microsoft Visual Studio Solution File, Format Version 12.00
# Visual Studio Version 17
VisualStudioVersion = 17.5.33424.131
MinimumVisualStudioVersion = 10.0.40219.1
Project("{9A19103F-16F7-4668-BE54-9A1E7A4F7556}") = "SolidPrinciples", "SolidPrinciples\SolidPrinciples.csproj", "{C52E3AE7-BBDE-4049-B930-16EC6A1A70D5}"
EndProject
Project("{9A19103F-16F7-4668-BE54-9A1E7A4F7556}") = "BasicPrograms", "BasicPrograms\BasicPrograms.csproj", "{133F962E-2489-4816-8CA7-986B5C0229BC}"
EndProject
Project("{9A19103F-16F7-4668-BE54-9A1E7A4F7556}") = "ConstructorInterview", "ConstructorInterview\ConstructorInterview.csproj", "{05AE92C6-C88F-4493-AF2D-3CF8D0898BDE}"
EndProject
Project("{9A19103F-16F7-4668-BE54-9A1E7A4F7556}") = "DesignPatters", "DesignPatters\DesignPatters.csproj", "{CB794B94-213D-4AE1-8344-8B52B6924E1E}"
EndProject
Project("{9A19103F-16F7-4668-BE54-9A1E7A4F7556}") = "Problems", "Problems\Problems.csproj", "{B945B259-A30E-4A71-BC46-24BA0E335714}"
EndProject
Project("{9A19103F-16F7-4668-BE54-9A1E7A4F7556}") = "AWSLambda", "AWSLambda\AWSLambda.csproj", "{C124A1CA-1B89-4F1B-B09B-AD12CE37EED2}"
EndProject
Project("{2150E333-8FDC-42A3-9474-1A3956D46DE8}") = "AWS", "AWS", "{1D448C79-7342-4473-9E32-0784854495FC}"
EndProject
Project("{9A19103F-16F7-4668-BE54-9A1E7A4F7556}") = "AWSLambdaAnotation", "AWSLambdaAnotation\AWSLambdaAnotation.csproj", "{E004CC49-B8DD-4906-A853-A0119BDEB5AF}"
EndProject
Project("{2150E333-8FDC-42A3-9474-1A3956D46DE8}") = "Database", "Database", "{DCAD7676-3B45-4C9F-B731-7EAACD3AE67D}"
	ProjectSection(SolutionItems) = preProject
		indexes.sql = indexes.sql
		SqlQuery_1.sql = SqlQuery_1.sql
	EndProjectSection
EndProject
Project("{2150E333-8FDC-42A3-9474-1A3956D46DE8}") = "WebApi", "WebApi", "{A025AD75-A250-4CA8-A82E-FAA3FF5AB4B3}"
EndProject
Project("{2150E333-8FDC-42A3-9474-1A3956D46DE8}") = "MinimalApi", "MinimalApi", "{D450F7F9-3F67-456A-912C-27321B4DE72A}"
EndProject
Project("{9A19103F-16F7-4668-BE54-9A1E7A4F7556}") = "CleanArchitecture.Core", "CleanArchitecture\CleanArchitecture.Core\CleanArchitecture.Core.csproj", "{44E91606-0074-4FA9-A6E0-FFFB46D7BB2E}"
EndProject
Project("{9A19103F-16F7-4668-BE54-9A1E7A4F7556}") = "CleanArchitecture.Infrastructure", "CleanArchitecture\CleanArchitecture.Infrastructure\CleanArchitecture.Infrastructure.csproj", "{6DB1EA72-8D62-48C1-AAF8-E55C8489DFE1}"
EndProject
Project("{9A19103F-16F7-4668-BE54-9A1E7A4F7556}") = "CleanArchitecture.API", "CleanArchitecture\CleanArchitecture.API\CleanArchitecture.API.csproj", "{7257F32E-CF35-4F1D-8C8B-E1896D03E252}"
EndProject
Project("{9A19103F-16F7-4668-BE54-9A1E7A4F7556}") = "CleanArchitecture.SharedKernel", "CleanArchitecture\CleanArchitecture.SharedKernel\CleanArchitecture.SharedKernel.csproj", "{6E5A7714-974E-4249-A05C-3EC05E15CE12}"
EndProject
Project("{9A19103F-16F7-4668-BE54-9A1E7A4F7556}") = "CleanArchitecture.Angular", "CleanArchitecture\CleanArchitecture.Angular\CleanArchitecture.Angular.csproj", "{E1F58B97-9301-4356-9CDF-7B6987C6E029}"
EndProject
Project("{9A19103F-16F7-4668-BE54-9A1E7A4F7556}") = "CleanArchitecture.React", "CleanArchitecture\CleanArchitecture.React\CleanArchitecture.React.csproj", "{66120400-A76D-40B3-B77E-B84BE7727F02}"
EndProject
Project("{2150E333-8FDC-42A3-9474-1A3956D46DE8}") = "Terraforms", "Terraforms", "{FBF72F3A-F3EA-4111-9E63-34AA97C73370}"
EndProject
Global
	GlobalSection(SolutionConfigurationPlatforms) = preSolution
		Debug|Any CPU = Debug|Any CPU
		Release|Any CPU = Release|Any CPU
	EndGlobalSection
	GlobalSection(ProjectConfigurationPlatforms) = postSolution
		{C52E3AE7-BBDE-4049-B930-16EC6A1A70D5}.Debug|Any CPU.ActiveCfg = Debug|Any CPU
		{C52E3AE7-BBDE-4049-B930-16EC6A1A70D5}.Debug|Any CPU.Build.0 = Debug|Any CPU
		{C52E3AE7-BBDE-4049-B930-16EC6A1A70D5}.Release|Any CPU.ActiveCfg = Release|Any CPU
		{C52E3AE7-BBDE-4049-B930-16EC6A1A70D5}.Release|Any CPU.Build.0 = Release|Any CPU
		{133F962E-2489-4816-8CA7-986B5C0229BC}.Debug|Any CPU.ActiveCfg = Debug|Any CPU
		{133F962E-2489-4816-8CA7-986B5C0229BC}.Debug|Any CPU.Build.0 = Debug|Any CPU
		{133F962E-2489-4816-8CA7-986B5C0229BC}.Release|Any CPU.ActiveCfg = Release|Any CPU
		{133F962E-2489-4816-8CA7-986B5C0229BC}.Release|Any CPU.Build.0 = Release|Any CPU
		{05AE92C6-C88F-4493-AF2D-3CF8D0898BDE}.Debug|Any CPU.ActiveCfg = Debug|Any CPU
		{05AE92C6-C88F-4493-AF2D-3CF8D0898BDE}.Debug|Any CPU.Build.0 = Debug|Any CPU
		{05AE92C6-C88F-4493-AF2D-3CF8D0898BDE}.Release|Any CPU.ActiveCfg = Release|Any CPU
		{05AE92C6-C88F-4493-AF2D-3CF8D0898BDE}.Release|Any CPU.Build.0 = Release|Any CPU
		{CB794B94-213D-4AE1-8344-8B52B6924E1E}.Debug|Any CPU.ActiveCfg = Debug|Any CPU
		{CB794B94-213D-4AE1-8344-8B52B6924E1E}.Debug|Any CPU.Build.0 = Debug|Any CPU
		{CB794B94-213D-4AE1-8344-8B52B6924E1E}.Release|Any CPU.ActiveCfg = Release|Any CPU
		{CB794B94-213D-4AE1-8344-8B52B6924E1E}.Release|Any CPU.Build.0 = Release|Any CPU
		{B945B259-A30E-4A71-BC46-24BA0E335714}.Debug|Any CPU.ActiveCfg = Debug|Any CPU
		{B945B259-A30E-4A71-BC46-24BA0E335714}.Debug|Any CPU.Build.0 = Debug|Any CPU
		{B945B259-A30E-4A71-BC46-24BA0E335714}.Release|Any CPU.ActiveCfg = Release|Any CPU
		{B945B259-A30E-4A71-BC46-24BA0E335714}.Release|Any CPU.Build.0 = Release|Any CPU
		{C124A1CA-1B89-4F1B-B09B-AD12CE37EED2}.Debug|Any CPU.ActiveCfg = Debug|Any CPU
		{C124A1CA-1B89-4F1B-B09B-AD12CE37EED2}.Debug|Any CPU.Build.0 = Debug|Any CPU
		{C124A1CA-1B89-4F1B-B09B-AD12CE37EED2}.Release|Any CPU.ActiveCfg = Release|Any CPU
		{C124A1CA-1B89-4F1B-B09B-AD12CE37EED2}.Release|Any CPU.Build.0 = Release|Any CPU
		{E004CC49-B8DD-4906-A853-A0119BDEB5AF}.Debug|Any CPU.ActiveCfg = Debug|Any CPU
		{E004CC49-B8DD-4906-A853-A0119BDEB5AF}.Debug|Any CPU.Build.0 = Debug|Any CPU
		{E004CC49-B8DD-4906-A853-A0119BDEB5AF}.Release|Any CPU.ActiveCfg = Release|Any CPU
		{E004CC49-B8DD-4906-A853-A0119BDEB5AF}.Release|Any CPU.Build.0 = Release|Any CPU
		{44E91606-0074-4FA9-A6E0-FFFB46D7BB2E}.Debug|Any CPU.ActiveCfg = Debug|Any CPU
		{44E91606-0074-4FA9-A6E0-FFFB46D7BB2E}.Debug|Any CPU.Build.0 = Debug|Any CPU
		{44E91606-0074-4FA9-A6E0-FFFB46D7BB2E}.Release|Any CPU.ActiveCfg = Release|Any CPU
		{44E91606-0074-4FA9-A6E0-FFFB46D7BB2E}.Release|Any CPU.Build.0 = Release|Any CPU
		{6DB1EA72-8D62-48C1-AAF8-E55C8489DFE1}.Debug|Any CPU.ActiveCfg = Debug|Any CPU
		{6DB1EA72-8D62-48C1-AAF8-E55C8489DFE1}.Debug|Any CPU.Build.0 = Debug|Any CPU
		{6DB1EA72-8D62-48C1-AAF8-E55C8489DFE1}.Release|Any CPU.ActiveCfg = Release|Any CPU
		{6DB1EA72-8D62-48C1-AAF8-E55C8489DFE1}.Release|Any CPU.Build.0 = Release|Any CPU
		{7257F32E-CF35-4F1D-8C8B-E1896D03E252}.Debug|Any CPU.ActiveCfg = Debug|Any CPU
		{7257F32E-CF35-4F1D-8C8B-E1896D03E252}.Debug|Any CPU.Build.0 = Debug|Any CPU
		{7257F32E-CF35-4F1D-8C8B-E1896D03E252}.Release|Any CPU.ActiveCfg = Release|Any CPU
		{7257F32E-CF35-4F1D-8C8B-E1896D03E252}.Release|Any CPU.Build.0 = Release|Any CPU
		{6E5A7714-974E-4249-A05C-3EC05E15CE12}.Debug|Any CPU.ActiveCfg = Debug|Any CPU
		{6E5A7714-974E-4249-A05C-3EC05E15CE12}.Debug|Any CPU.Build.0 = Debug|Any CPU
		{6E5A7714-974E-4249-A05C-3EC05E15CE12}.Release|Any CPU.ActiveCfg = Release|Any CPU
		{6E5A7714-974E-4249-A05C-3EC05E15CE12}.Release|Any CPU.Build.0 = Release|Any CPU
		{E1F58B97-9301-4356-9CDF-7B6987C6E029}.Debug|Any CPU.ActiveCfg = Debug|Any CPU
		{E1F58B97-9301-4356-9CDF-7B6987C6E029}.Debug|Any CPU.Build.0 = Debug|Any CPU
		{E1F58B97-9301-4356-9CDF-7B6987C6E029}.Release|Any CPU.ActiveCfg = Release|Any CPU
		{E1F58B97-9301-4356-9CDF-7B6987C6E029}.Release|Any CPU.Build.0 = Release|Any CPU
		{66120400-A76D-40B3-B77E-B84BE7727F02}.Debug|Any CPU.ActiveCfg = Debug|Any CPU
		{66120400-A76D-40B3-B77E-B84BE7727F02}.Debug|Any CPU.Build.0 = Debug|Any CPU
		{66120400-A76D-40B3-B77E-B84BE7727F02}.Release|Any CPU.ActiveCfg = Release|Any CPU
		{66120400-A76D-40B3-B77E-B84BE7727F02}.Release|Any CPU.Build.0 = Release|Any CPU
	EndGlobalSection
	GlobalSection(SolutionProperties) = preSolution
		HideSolutionNode = FALSE
	EndGlobalSection
	GlobalSection(NestedProjects) = preSolution
		{C124A1CA-1B89-4F1B-B09B-AD12CE37EED2} = {1D448C79-7342-4473-9E32-0784854495FC}
		{E004CC49-B8DD-4906-A853-A0119BDEB5AF} = {1D448C79-7342-4473-9E32-0784854495FC}
		{44E91606-0074-4FA9-A6E0-FFFB46D7BB2E} = {A025AD75-A250-4CA8-A82E-FAA3FF5AB4B3}
		{6DB1EA72-8D62-48C1-AAF8-E55C8489DFE1} = {A025AD75-A250-4CA8-A82E-FAA3FF5AB4B3}
		{7257F32E-CF35-4F1D-8C8B-E1896D03E252} = {A025AD75-A250-4CA8-A82E-FAA3FF5AB4B3}
		{6E5A7714-974E-4249-A05C-3EC05E15CE12} = {A025AD75-A250-4CA8-A82E-FAA3FF5AB4B3}
		{E1F58B97-9301-4356-9CDF-7B6987C6E029} = {A025AD75-A250-4CA8-A82E-FAA3FF5AB4B3}
		{66120400-A76D-40B3-B77E-B84BE7727F02} = {A025AD75-A250-4CA8-A82E-FAA3FF5AB4B3}
		{FBF72F3A-F3EA-4111-9E63-34AA97C73370} = {1D448C79-7342-4473-9E32-0784854495FC}
	EndGlobalSection
	GlobalSection(ExtensibilityGlobals) = postSolution
		SolutionGuid = {23AB8E02-146C-4B81-8C45-FFD0F3F44EDF}
	EndGlobalSection
EndGlobal
