
Microsoft Visual Studio Solution File, Format Version 12.00
# Visual Studio Version 17
VisualStudioVersion = 17.5.33424.131
MinimumVisualStudioVersion = 10.0.40219.1
Project("{9A19103F-16F7-4668-BE54-9A1E7A4F7556}") = "SolidPrinciples", "SolidPrinciples\SolidPrinciples.csproj", "{C52E3AE7-BBDE-4049-B930-16EC6A1A70D5}"
EndProject
Project("{9A19103F-16F7-4668-BE54-9A1E7A4F7556}") = "BasicPrograms", "BasicPrograms\BasicPrograms.csproj", "{133F962E-2489-4816-8CA7-986B5C0229BC}"
EndProject
Project("{9A19103F-16F7-4668-BE54-9A1E7A4F7556}") = "ConstructorInterview", "ConstructorInterview\ConstructorInterview.csproj", "{05AE92C6-C88F-4493-AF2D-3CF8D0898BDE}"
EndProject
Project("{9A19103F-16F7-4668-BE54-9A1E7A4F7556}") = "DesignPatters", "DesignPatters\DesignPatters.csproj", "{CB794B94-213D-4AE1-8344-8B52B6924E1E}"
EndProject
Project("{9A19103F-16F7-4668-BE54-9A1E7A4F7556}") = "Problems", "Problems\Problems.csproj", "{B945B259-A30E-4A71-BC46-24BA0E335714}"
EndProject
Project("{9A19103F-16F7-4668-BE54-9A1E7A4F7556}") = "AWSLambda", "AWSLambda\AWSLambda.csproj", "{C124A1CA-1B89-4F1B-B09B-AD12CE37EED2}"
EndProject
Project("{9A19103F-16F7-4668-BE54-9A1E7A4F7556}") = "AWSLambda.Tests", "AWSLambda.Tests\AWSLambda.Tests.csproj", "{93040AB6-EA2F-4A0A-A5FC-40BC0E5F7D15}"
EndProject
Project("{2150E333-8FDC-42A3-9474-1A3956D46DE8}") = "AWS", "AWS", "{1D448C79-7342-4473-9E32-0784854495FC}"
EndProject
Global
	GlobalSection(SolutionConfigurationPlatforms) = preSolution
		Debug|Any CPU = Debug|Any CPU
		Release|Any CPU = Release|Any CPU
	EndGlobalSection
	GlobalSection(ProjectConfigurationPlatforms) = postSolution
		{C52E3AE7-BBDE-4049-B930-16EC6A1A70D5}.Debug|Any CPU.ActiveCfg = Debug|Any CPU
		{C52E3AE7-BBDE-4049-B930-16EC6A1A70D5}.Debug|Any CPU.Build.0 = Debug|Any CPU
		{C52E3AE7-BBDE-4049-B930-16EC6A1A70D5}.Release|Any CPU.ActiveCfg = Release|Any CPU
		{C52E3AE7-BBDE-4049-B930-16EC6A1A70D5}.Release|Any CPU.Build.0 = Release|Any CPU
		{133F962E-2489-4816-8CA7-986B5C0229BC}.Debug|Any CPU.ActiveCfg = Debug|Any CPU
		{133F962E-2489-4816-8CA7-986B5C0229BC}.Debug|Any CPU.Build.0 = Debug|Any CPU
		{133F962E-2489-4816-8CA7-986B5C0229BC}.Release|Any CPU.ActiveCfg = Release|Any CPU
		{133F962E-2489-4816-8CA7-986B5C0229BC}.Release|Any CPU.Build.0 = Release|Any CPU
		{05AE92C6-C88F-4493-AF2D-3CF8D0898BDE}.Debug|Any CPU.ActiveCfg = Debug|Any CPU
		{05AE92C6-C88F-4493-AF2D-3CF8D0898BDE}.Debug|Any CPU.Build.0 = Debug|Any CPU
		{05AE92C6-C88F-4493-AF2D-3CF8D0898BDE}.Release|Any CPU.ActiveCfg = Release|Any CPU
		{05AE92C6-C88F-4493-AF2D-3CF8D0898BDE}.Release|Any CPU.Build.0 = Release|Any CPU
		{CB794B94-213D-4AE1-8344-8B52B6924E1E}.Debug|Any CPU.ActiveCfg = Debug|Any CPU
		{CB794B94-213D-4AE1-8344-8B52B6924E1E}.Debug|Any CPU.Build.0 = Debug|Any CPU
		{CB794B94-213D-4AE1-8344-8B52B6924E1E}.Release|Any CPU.ActiveCfg = Release|Any CPU
		{CB794B94-213D-4AE1-8344-8B52B6924E1E}.Release|Any CPU.Build.0 = Release|Any CPU
		{B945B259-A30E-4A71-BC46-24BA0E335714}.Debug|Any CPU.ActiveCfg = Debug|Any CPU
		{B945B259-A30E-4A71-BC46-24BA0E335714}.Debug|Any CPU.Build.0 = Debug|Any CPU
		{B945B259-A30E-4A71-BC46-24BA0E335714}.Release|Any CPU.ActiveCfg = Release|Any CPU
		{B945B259-A30E-4A71-BC46-24BA0E335714}.Release|Any CPU.Build.0 = Release|Any CPU
		{C124A1CA-1B89-4F1B-B09B-AD12CE37EED2}.Debug|Any CPU.ActiveCfg = Debug|Any CPU
		{C124A1CA-1B89-4F1B-B09B-AD12CE37EED2}.Debug|Any CPU.Build.0 = Debug|Any CPU
		{C124A1CA-1B89-4F1B-B09B-AD12CE37EED2}.Release|Any CPU.ActiveCfg = Release|Any CPU
		{C124A1CA-1B89-4F1B-B09B-AD12CE37EED2}.Release|Any CPU.Build.0 = Release|Any CPU
		{93040AB6-EA2F-4A0A-A5FC-40BC0E5F7D15}.Debug|Any CPU.ActiveCfg = Debug|Any CPU
		{93040AB6-EA2F-4A0A-A5FC-40BC0E5F7D15}.Debug|Any CPU.Build.0 = Debug|Any CPU
		{93040AB6-EA2F-4A0A-A5FC-40BC0E5F7D15}.Release|Any CPU.ActiveCfg = Release|Any CPU
		{93040AB6-EA2F-4A0A-A5FC-40BC0E5F7D15}.Release|Any CPU.Build.0 = Release|Any CPU
	EndGlobalSection
	GlobalSection(SolutionProperties) = preSolution
		HideSolutionNode = FALSE
	EndGlobalSection
	GlobalSection(NestedProjects) = preSolution
		{C124A1CA-1B89-4F1B-B09B-AD12CE37EED2} = {1D448C79-7342-4473-9E32-0784854495FC}
		{93040AB6-EA2F-4A0A-A5FC-40BC0E5F7D15} = {1D448C79-7342-4473-9E32-0784854495FC}
	EndGlobalSection
	GlobalSection(ExtensibilityGlobals) = postSolution
		SolutionGuid = {23AB8E02-146C-4B81-8C45-FFD0F3F44EDF}
	EndGlobalSection
EndGlobal
